
Microsoft Visual Studio Solution File, Format Version 12.00
# Visual Studio Version 17
VisualStudioVersion = 17.12.35514.174
MinimumVisualStudioVersion = 10.0.40219.1
Project("{FAE04EC0-301F-11D3-BF4B-00C04F79EFBC}") = "ShoppingList_Blazor", "ShoppingList_Blazor\ShoppingList_Blazor.csproj", "{2AD7F6D5-677B-480F-831B-AAE01A8397DE}"
EndProject
Project("{FAE04EC0-301F-11D3-BF4B-00C04F79EFBC}") = "ShoppingList_Blazor.Tests", "ShoppingList_Blazor.Tests\ShoppingList_Blazor.Tests.csproj", "{8964CB60-A283-4587-823F-543F9556BD2A}"
EndProject
Global
	GlobalSection(SolutionConfigurationPlatforms) = preSolution
		Debug|Any CPU = Debug|Any CPU
		Release|Any CPU = Release|Any CPU
	EndGlobalSection
	GlobalSection(ProjectConfigurationPlatforms) = postSolution
		{2AD7F6D5-677B-480F-831B-AAE01A8397DE}.Debug|Any CPU.ActiveCfg = Debug|Any CPU
		{2AD7F6D5-677B-480F-831B-AAE01A8397DE}.Debug|Any CPU.Build.0 = Debug|Any CPU
		{2AD7F6D5-677B-480F-831B-AAE01A8397DE}.Release|Any CPU.ActiveCfg = Release|Any CPU
		{2AD7F6D5-677B-480F-831B-AAE01A8397DE}.Release|Any CPU.Build.0 = Release|Any CPU
		{8964CB60-A283-4587-823F-543F9556BD2A}.Debug|Any CPU.ActiveCfg = Debug|Any CPU
		{8964CB60-A283-4587-823F-543F9556BD2A}.Debug|Any CPU.Build.0 = Debug|Any CPU
		{8964CB60-A283-4587-823F-543F9556BD2A}.Release|Any CPU.ActiveCfg = Release|Any CPU
		{8964CB60-A283-4587-823F-543F9556BD2A}.Release|Any CPU.Build.0 = Release|Any CPU
	EndGlobalSection
	GlobalSection(SolutionProperties) = preSolution
		HideSolutionNode = FALSE
	EndGlobalSection
EndGlobal
